Microsoft Visual Studio Solution File, Format Version 11.00
# Visual Studio 2010
Project("{FAE04EC0-301F-11D3-BF4B-00C04F79EFBC}") = "ProjectArtemis", "Assembly-CSharp-firstpass.csproj", "{F30AB2A6-2628-CA58-8A21-8A8456AA2B13}"
EndProject
Project("{FAE04EC0-301F-11D3-BF4B-00C04F79EFBC}") = "ProjectArtemis", "Assembly-CSharp.csproj", "{AA9A3358-F2E1-B7D2-120D-91B551E2C08D}"
EndProject
Project("{FAE04EC0-301F-11D3-BF4B-00C04F79EFBC}") = "ProjectArtemis", "Assembly-CSharp-Editor-firstpass.csproj", "{1AB7C27C-4F65-897A-682B-FE52F694B562}"
EndProject
Global
	GlobalSection(SolutionConfigurationPlatforms) = preSolution
		Debug|Any CPU = Debug|Any CPU
		Release|Any CPU = Release|Any CPU
	EndGlobalSection
	GlobalSection(ProjectConfigurationPlatforms) = postSolution
		{F30AB2A6-2628-CA58-8A21-8A8456AA2B13}.Debug|Any CPU.ActiveCfg = Debug|Any CPU
		{F30AB2A6-2628-CA58-8A21-8A8456AA2B13}.Debug|Any CPU.Build.0 = Debug|Any CPU
		{F30AB2A6-2628-CA58-8A21-8A8456AA2B13}.Release|Any CPU.ActiveCfg = Release|Any CPU
		{F30AB2A6-2628-CA58-8A21-8A8456AA2B13}.Release|Any CPU.Build.0 = Release|Any CPU
		{AA9A3358-F2E1-B7D2-120D-91B551E2C08D}.Debug|Any CPU.ActiveCfg = Debug|Any CPU
		{AA9A3358-F2E1-B7D2-120D-91B551E2C08D}.Debug|Any CPU.Build.0 = Debug|Any CPU
		{AA9A3358-F2E1-B7D2-120D-91B551E2C08D}.Release|Any CPU.ActiveCfg = Release|Any CPU
		{AA9A3358-F2E1-B7D2-120D-91B551E2C08D}.Release|Any CPU.Build.0 = Release|Any CPU
		{1AB7C27C-4F65-897A-682B-FE52F694B562}.Debug|Any CPU.ActiveCfg = Debug|Any CPU
		{1AB7C27C-4F65-897A-682B-FE52F694B562}.Debug|Any CPU.Build.0 = Debug|Any CPU
		{1AB7C27C-4F65-897A-682B-FE52F694B562}.Release|Any CPU.ActiveCfg = Release|Any CPU
		{1AB7C27C-4F65-897A-682B-FE52F694B562}.Release|Any CPU.Build.0 = Release|Any CPU
		{D24E28B6-9108-A794-AA60-0F823FB8BAF7}.Debug|Any CPU.ActiveCfg = Debug|Any CPU
		{D24E28B6-9108-A794-AA60-0F823FB8BAF7}.Debug|Any CPU.Build.0 = Debug|Any CPU
		{D24E28B6-9108-A794-AA60-0F823FB8BAF7}.Release|Any CPU.ActiveCfg = Release|Any CPU
		{D24E28B6-9108-A794-AA60-0F823FB8BAF7}.Release|Any CPU.Build.0 = Release|Any CPU
		{D027B147-6002-133A-49F7-C93586B5433A}.Debug|Any CPU.ActiveCfg = Debug|Any CPU
		{D027B147-6002-133A-49F7-C93586B5433A}.Debug|Any CPU.Build.0 = Debug|Any CPU
		{D027B147-6002-133A-49F7-C93586B5433A}.Release|Any CPU.ActiveCfg = Release|Any CPU
		{D027B147-6002-133A-49F7-C93586B5433A}.Release|Any CPU.Build.0 = Release|Any CPU
	EndGlobalSection
	GlobalSection(SolutionProperties) = preSolution
		HideSolutionNode = FALSE
	EndGlobalSection
	GlobalSection(MonoDevelopProperties) = preSolution
		StartupItem = Assembly-CSharp.csproj
	EndGlobalSection
EndGlobal
